// !$*UTF8*$!
{
	archiveVersion = 1;
	classes = {
	};
	objectVersion = 55;
	objects = {

/* Begin PBXBuildFile section */
		E857A3A4283FF91800F08669 /* AppDelegate.swift in Sources */ = {isa = PBXBuildFile; fileRef = E857A3A3283FF91800F08669 /* AppDelegate.swift */; };
		E857A3A6283FF91800F08669 /* SceneDelegate.swift in Sources */ = {isa = PBXBuildFile; fileRef = E857A3A5283FF91800F08669 /* SceneDelegate.swift */; };
		E857A3AB283FF91800F08669 /* Main.storyboard in Resources */ = {isa = PBXBuildFile; fileRef = E857A3A9283FF91800F08669 /* Main.storyboard */; };
		E857A3AD283FF91B00F08669 /* Assets.xcassets in Resources */ = {isa = PBXBuildFile; fileRef = E857A3AC283FF91B00F08669 /* Assets.xcassets */; };
		E857A3B0283FF91B00F08669 /* LaunchScreen.storyboard in Resources */ = {isa = PBXBuildFile; fileRef = E857A3AE283FF91B00F08669 /* LaunchScreen.storyboard */; };
		E857A3B92840052000F08669 /* Sample.swift in Sources */ = {isa = PBXBuildFile; fileRef = E857A3B82840052000F08669 /* Sample.swift */; };
		E857A3BC2840057900F08669 /* NetworkManager.swift in Sources */ = {isa = PBXBuildFile; fileRef = E857A3BB2840057900F08669 /* NetworkManager.swift */; };
		E857A3C0284008CA00F08669 /* MainViewController.swift in Sources */ = {isa = PBXBuildFile; fileRef = E857A3BF284008CA00F08669 /* MainViewController.swift */; };
		E8D207CA2840F037002A478F /* MainViewModel.swift in Sources */ = {isa = PBXBuildFile; fileRef = E8D207C92840F037002A478F /* MainViewModel.swift */; };
		E8D207CD2840F68C002A478F /* TableViewCell.swift in Sources */ = {isa = PBXBuildFile; fileRef = E8D207CC2840F68C002A478F /* TableViewCell.swift */; };
		E8D207D12840F74E002A478F /* TableCellViewModel.swift in Sources */ = {isa = PBXBuildFile; fileRef = E8D207D02840F74E002A478F /* TableCellViewModel.swift */; };
		E8D207D32840FFE7002A478F /* ImageManager.swift in Sources */ = {isa = PBXBuildFile; fileRef = E8D207D22840FFE7002A478F /* ImageManager.swift */; };
/* End PBXBuildFile section */

/* Begin PBXFileReference section */
		E857A3A0283FF91800F08669 /* TestForPryaniky.app */ = {isa = PBXFileReference; explicitFileType = wrapper.application; includeInIndex = 0; path = TestForPryaniky.app; sourceTree = BUILT_PRODUCTS_DIR; };
		E857A3A3283FF91800F08669 /* AppDelegate.swift */ = {isa = PBXFileReference; lastKnownFileType = sourcecode.swift; path = AppDelegate.swift; sourceTree = "<group>"; };
		E857A3A5283FF91800F08669 /* SceneDelegate.swift */ = {isa = PBXFileReference; lastKnownFileType = sourcecode.swift; path = SceneDelegate.swift; sourceTree = "<group>"; };
		E857A3AA283FF91800F08669 /* Base */ = {isa = PBXFileReference; lastKnownFileType = file.storyboard; name = Base; path = Base.lproj/Main.storyboard; sourceTree = "<group>"; };
		E857A3AC283FF91B00F08669 /* Assets.xcassets */ = {isa = PBXFileReference; lastKnownFileType = folder.assetcatalog; path = Assets.xcassets; sourceTree = "<group>"; };
		E857A3AF283FF91B00F08669 /* Base */ = {isa = PBXFileReference; lastKnownFileType = file.storyboard; name = Base; path = Base.lproj/LaunchScreen.storyboard; sourceTree = "<group>"; };
		E857A3B1283FF91B00F08669 /* Info.plist */ = {isa = PBXFileReference; lastKnownFileType = text.plist.xml; path = Info.plist; sourceTree = "<group>"; };
		E857A3B82840052000F08669 /* Sample.swift */ = {isa = PBXFileReference; lastKnownFileType = sourcecode.swift; path = Sample.swift; sourceTree = "<group>"; };
		E857A3BB2840057900F08669 /* NetworkManager.swift */ = {isa = PBXFileReference; lastKnownFileType = sourcecode.swift; path = NetworkManager.swift; sourceTree = "<group>"; };
		E857A3BF284008CA00F08669 /* MainViewController.swift */ = {isa = PBXFileReference; lastKnownFileType = sourcecode.swift; path = MainViewController.swift; sourceTree = "<group>"; };
		E8D207C92840F037002A478F /* MainViewModel.swift */ = {isa = PBXFileReference; lastKnownFileType = sourcecode.swift; path = MainViewModel.swift; sourceTree = "<group>"; };
		E8D207CC2840F68C002A478F /* TableViewCell.swift */ = {isa = PBXFileReference; lastKnownFileType = sourcecode.swift; path = TableViewCell.swift; sourceTree = "<group>"; };
		E8D207D02840F74E002A478F /* TableCellViewModel.swift */ = {isa = PBXFileReference; lastKnownFileType = sourcecode.swift; path = TableCellViewModel.swift; sourceTree = "<group>"; };
		E8D207D22840FFE7002A478F /* ImageManager.swift */ = {isa = PBXFileReference; lastKnownFileType = sourcecode.swift; path = ImageManager.swift; sourceTree = "<group>"; };
/* End PBXFileReference section */

/* Begin PBXFrameworksBuildPhase section */
		E857A39D283FF91800F08669 /* Frameworks */ = {
			isa = PBXFrameworksBuildPhase;
			buildActionMask = 2147483647;
			files = (
			);
			runOnlyForDeploymentPostprocessing = 0;
		};
/* End PBXFrameworksBuildPhase section */

/* Begin PBXGroup section */
		E857A397283FF91800F08669 = {
			isa = PBXGroup;
			children = (
				E857A3A2283FF91800F08669 /* TestForPryaniky */,
				E857A3A1283FF91800F08669 /* Products */,
			);
			sourceTree = "<group>";
		};
		E857A3A1283FF91800F08669 /* Products */ = {
			isa = PBXGroup;
			children = (
				E857A3A0283FF91800F08669 /* TestForPryaniky.app */,
			);
			name = Products;
			sourceTree = "<group>";
		};
		E857A3A2283FF91800F08669 /* TestForPryaniky */ = {
			isa = PBXGroup;
			children = (
				E857A3BE284008AB00F08669 /* MainViewController */,
				E857A3BA2840055C00F08669 /* Services */,
				E857A3B7284004F200F08669 /* Models */,
				E857A3A9283FF91800F08669 /* Main.storyboard */,
				E857A3AC283FF91B00F08669 /* Assets.xcassets */,
				E857A3AE283FF91B00F08669 /* LaunchScreen.storyboard */,
				E857A3BD2840085C00F08669 /* App */,
			);
			path = TestForPryaniky;
			sourceTree = "<group>";
		};
		E857A3B7284004F200F08669 /* Models */ = {
			isa = PBXGroup;
			children = (
				E857A3B82840052000F08669 /* Sample.swift */,
			);
			path = Models;
			sourceTree = "<group>";
		};
		E857A3BA2840055C00F08669 /* Services */ = {
			isa = PBXGroup;
			children = (
				E857A3BB2840057900F08669 /* NetworkManager.swift */,
				E8D207D22840FFE7002A478F /* ImageManager.swift */,
			);
			path = Services;
			sourceTree = "<group>";
		};
		E857A3BD2840085C00F08669 /* App */ = {
			isa = PBXGroup;
			children = (
				E857A3A5283FF91800F08669 /* SceneDelegate.swift */,
				E857A3A3283FF91800F08669 /* AppDelegate.swift */,
				E857A3B1283FF91B00F08669 /* Info.plist */,
			);
			path = App;
			sourceTree = "<group>";
		};
		E857A3BE284008AB00F08669 /* MainViewController */ = {
			isa = PBXGroup;
			children = (
				E8D207CB2840F679002A478F /* MainCell */,
				E857A3BF284008CA00F08669 /* MainViewController.swift */,
				E8D207C92840F037002A478F /* MainViewModel.swift */,
			);
			path = MainViewController;
			sourceTree = "<group>";
		};
		E8D207CB2840F679002A478F /* MainCell */ = {
			isa = PBXGroup;
			children = (
				E8D207CC2840F68C002A478F /* TableViewCell.swift */,
				E8D207D02840F74E002A478F /* TableCellViewModel.swift */,
			);
			path = MainCell;
			sourceTree = "<group>";
		};
/* End PBXGroup section */

/* Begin PBXNativeTarget section */
		E857A39F283FF91800F08669 /* TestForPryaniky */ = {
			isa = PBXNativeTarget;
			buildConfigurationList = E857A3B4283FF91B00F08669 /* Build configuration list for PBXNativeTarget "TestForPryaniky" */;
			buildPhases = (
				E857A39C283FF91800F08669 /* Sources */,
				E857A39D283FF91800F08669 /* Frameworks */,
				E857A39E283FF91800F08669 /* Resources */,
			);
			buildRules = (
			);
			dependencies = (
			);
			name = TestForPryaniky;
			productName = TestForPryaniky;
			productReference = E857A3A0283FF91800F08669 /* TestForPryaniky.app */;
			productType = "com.apple.product-type.application";
		};
/* End PBXNativeTarget section */

/* Begin PBXProject section */
		E857A398283FF91800F08669 /* Project object */ = {
			isa = PBXProject;
			attributes = {
				BuildIndependentTargetsInParallel = 1;
				LastSwiftUpdateCheck = 1330;
				LastUpgradeCheck = 1330;
				TargetAttributes = {
					E857A39F283FF91800F08669 = {
						CreatedOnToolsVersion = 13.3.1;
					};
				};
			};
			buildConfigurationList = E857A39B283FF91800F08669 /* Build configuration list for PBXProject "TestForPryaniky" */;
			compatibilityVersion = "Xcode 13.0";
			developmentRegion = en;
			hasScannedForEncodings = 0;
			knownRegions = (
				en,
				Base,
			);
			mainGroup = E857A397283FF91800F08669;
			productRefGroup = E857A3A1283FF91800F08669 /* Products */;
			projectDirPath = "";
			projectRoot = "";
			targets = (
				E857A39F283FF91800F08669 /* TestForPryaniky */,
			);
		};
/* End PBXProject section */

/* Begin PBXResourcesBuildPhase section */
		E857A39E283FF91800F08669 /* Resources */ = {
			isa = PBXResourcesBuildPhase;
			buildActionMask = 2147483647;
			files = (
				E857A3B0283FF91B00F08669 /* LaunchScreen.storyboard in Resources */,
				E857A3AD283FF91B00F08669 /* Assets.xcassets in Resources */,
				E857A3AB283FF91800F08669 /* Main.storyboard in Resources */,
			);
			runOnlyForDeploymentPostprocessing = 0;
		};
/* End PBXResourcesBuildPhase section */

/* Begin PBXSourcesBuildPhase section */
		E857A39C283FF91800F08669 /* Sources */ = {
			isa = PBXSourcesBuildPhase;
			buildActionMask = 2147483647;
			files = (
				E857A3B92840052000F08669 /* Sample.swift in Sources */,
				E857A3BC2840057900F08669 /* NetworkManager.swift in Sources */,
				E857A3C0284008CA00F08669 /* MainViewController.swift in Sources */,
				E8D207D32840FFE7002A478F /* ImageManager.swift in Sources */,
				E857A3A4283FF91800F08669 /* AppDelegate.swift in Sources */,
				E857A3A6283FF91800F08669 /* SceneDelegate.swift in Sources */,
				E8D207CD2840F68C002A478F /* TableViewCell.swift in Sources */,
				E8D207CA2840F037002A478F /* MainViewModel.swift in Sources */,
				E8D207D12840F74E002A478F /* TableCellViewModel.swift in Sources */,
			);
			runOnlyForDeploymentPostprocessing = 0;
		};
/* End PBXSourcesBuildPhase section */

/* Begin PBXVariantGroup section */
		E857A3A9283FF91800F08669 /* Main.storyboard */ = {
			isa = PBXVariantGroup;
			children = (
				E857A3AA283FF91800F08669 /* Base */,
			);
			name = Main.storyboard;
			sourceTree = "<group>";
		};
		E857A3AE283FF91B00F08669 /* LaunchScreen.storyboard */ = {
			isa = PBXVariantGroup;
			children = (
				E857A3AF283FF91B00F08669 /* Base */,
			);
			name = LaunchScreen.storyboard;
			sourceTree = "<group>";
		};
/* End PBXVariantGroup section */

/* Begin XCBuildConfiguration section */
		E857A3B2283FF91B00F08669 /* Debug */ = {
			isa = XCBuildConfiguration;
			buildSettings = {
				ALWAYS_SEARCH_USER_PATHS = NO;
				CLANG_ANALYZER_NONNULL = YES;
				CLANG_ANALYZER_NUMBER_OBJECT_CONVERSION = YES_AGGRESSIVE;
				CLANG_CXX_LANGUAGE_STANDARD = "gnu++17";
				CLANG_ENABLE_MODULES = YES;
				CLANG_ENABLE_OBJC_ARC = YES;
				CLANG_ENABLE_OBJC_WEAK = YES;
				CLANG_WARN_BLOCK_CAPTURE_AUTORELEASING = YES;
				CLANG_WARN_BOOL_CONVERSION = YES;
				CLANG_WARN_COMMA = YES;
				CLANG_WARN_CONSTANT_CONVERSION = YES;
				CLANG_WARN_DEPRECATED_OBJC_IMPLEMENTATIONS = YES;
				CLANG_WARN_DIRECT_OBJC_ISA_USAGE = YES_ERROR;
				CLANG_WARN_DOCUMENTATION_COMMENTS = YES;
				CLANG_WARN_EMPTY_BODY = YES;
				CLANG_WARN_ENUM_CONVERSION = YES;
				CLANG_WARN_INFINITE_RECURSION = YES;
				CLANG_WARN_INT_CONVERSION = YES;
				CLANG_WARN_NON_LITERAL_NULL_CONVERSION = YES;
				CLANG_WARN_OBJC_IMPLICIT_RETAIN_SELF = YES;
				CLANG_WARN_OBJC_LITERAL_CONVERSION = YES;
				CLANG_WARN_OBJC_ROOT_CLASS = YES_ERROR;
				CLANG_WARN_QUOTED_INCLUDE_IN_FRAMEWORK_HEADER = YES;
				CLANG_WARN_RANGE_LOOP_ANALYSIS = YES;
				CLANG_WARN_STRICT_PROTOTYPES = YES;
				CLANG_WARN_SUSPICIOUS_MOVE = YES;
				CLANG_WARN_UNGUARDED_AVAILABILITY = YES_AGGRESSIVE;
				CLANG_WARN_UNREACHABLE_CODE = YES;
				CLANG_WARN__DUPLICATE_METHOD_MATCH = YES;
				COPY_PHASE_STRIP = NO;
				DEBUG_INFORMATION_FORMAT = dwarf;
				ENABLE_STRICT_OBJC_MSGSEND = YES;
				ENABLE_TESTABILITY = YES;
				GCC_C_LANGUAGE_STANDARD = gnu11;
				GCC_DYNAMIC_NO_PIC = NO;
				GCC_NO_COMMON_BLOCKS = YES;
				GCC_OPTIMIZATION_LEVEL = 0;
				GCC_PREPROCESSOR_DEFINITIONS = (
					"DEBUG=1",
					"$(inherited)",
				);
				GCC_WARN_64_TO_32_BIT_CONVERSION = YES;
				GCC_WARN_ABOUT_RETURN_TYPE = YES_ERROR;
				GCC_WARN_UNDECLARED_SELECTOR = YES;
				GCC_WARN_UNINITIALIZED_AUTOS = YES_AGGRESSIVE;
				GCC_WARN_UNUSED_FUNCTION = YES;
				GCC_WARN_UNUSED_VARIABLE = YES;
				IPHONEOS_DEPLOYMENT_TARGET = 15.4;
				MTL_ENABLE_DEBUG_INFO = INCLUDE_SOURCE;
				MTL_FAST_MATH = YES;
				ONLY_ACTIVE_ARCH = YES;
				SDKROOT = iphoneos;
				SWIFT_ACTIVE_COMPILATION_CONDITIONS = DEBUG;
				SWIFT_OPTIMIZATION_LEVEL = "-Onone";
			};
			name = Debug;
		};
		E857A3B3283FF91B00F08669 /* Release */ = {
			isa = XCBuildConfiguration;
			buildSettings = {
				ALWAYS_SEARCH_USER_PATHS = NO;
				CLANG_ANALYZER_NONNULL = YES;
				CLANG_ANALYZER_NUMBER_OBJECT_CONVERSION = YES_AGGRESSIVE;
				CLANG_CXX_LANGUAGE_STANDARD = "gnu++17";
				CLANG_ENABLE_MODULES = YES;
				CLANG_ENABLE_OBJC_ARC = YES;
				CLANG_ENABLE_OBJC_WEAK = YES;
				CLANG_WARN_BLOCK_CAPTURE_AUTORELEASING = YES;
				CLANG_WARN_BOOL_CONVERSION = YES;
				CLANG_WARN_COMMA = YES;
				CLANG_WARN_CONSTANT_CONVERSION = YES;
				CLANG_WARN_DEPRECATED_OBJC_IMPLEMENTATIONS = YES;
				CLANG_WARN_DIRECT_OBJC_ISA_USAGE = YES_ERROR;
				CLANG_WARN_DOCUMENTATION_COMMENTS = YES;
				CLANG_WARN_EMPTY_BODY = YES;
				CLANG_WARN_ENUM_CONVERSION = YES;
				CLANG_WARN_INFINITE_RECURSION = YES;
				CLANG_WARN_INT_CONVERSION = YES;
				CLANG_WARN_NON_LITERAL_NULL_CONVERSION = YES;
				CLANG_WARN_OBJC_IMPLICIT_RETAIN_SELF = YES;
				CLANG_WARN_OBJC_LITERAL_CONVERSION = YES;
				CLANG_WARN_OBJC_ROOT_CLASS = YES_ERROR;
				CLANG_WARN_QUOTED_INCLUDE_IN_FRAMEWORK_HEADER = YES;
				CLANG_WARN_RANGE_LOOP_ANALYSIS = YES;
				CLANG_WARN_STRICT_PROTOTYPES = YES;
				CLANG_WARN_SUSPICIOUS_MOVE = YES;
				CLANG_WARN_UNGUARDED_AVAILABILITY = YES_AGGRESSIVE;
				CLANG_WARN_UNREACHABLE_CODE = YES;
				CLANG_WARN__DUPLICATE_METHOD_MATCH = YES;
				COPY_PHASE_STRIP = NO;
				DEBUG_INFORMATION_FORMAT = "dwarf-with-dsym";
				ENABLE_NS_ASSERTIONS = NO;
				ENABLE_STRICT_OBJC_MSGSEND = YES;
				GCC_C_LANGUAGE_STANDARD = gnu11;
				GCC_NO_COMMON_BLOCKS = YES;
				GCC_WARN_64_TO_32_BIT_CONVERSION = YES;
				GCC_WARN_ABOUT_RETURN_TYPE = YES_ERROR;
				GCC_WARN_UNDECLARED_SELECTOR = YES;
				GCC_WARN_UNINITIALIZED_AUTOS = YES_AGGRESSIVE;
				GCC_WARN_UNUSED_FUNCTION = YES;
				GCC_WARN_UNUSED_VARIABLE = YES;
				IPHONEOS_DEPLOYMENT_TARGET = 15.4;
				MTL_ENABLE_DEBUG_INFO = NO;
				MTL_FAST_MATH = YES;
				SDKROOT = iphoneos;
				SWIFT_COMPILATION_MODE = wholemodule;
				SWIFT_OPTIMIZATION_LEVEL = "-O";
				VALIDATE_PRODUCT = YES;
			};
			name = Release;
		};
		E857A3B5283FF91B00F08669 /* Debug */ = {
			isa = XCBuildConfiguration;
			buildSettings = {
				ASSETCATALOG_COMPILER_APPICON_NAME = AppIcon;
				ASSETCATALOG_COMPILER_GLOBAL_ACCENT_COLOR_NAME = AccentColor;
				CODE_SIGN_STYLE = Automatic;
				CURRENT_PROJECT_VERSION = 1;
				DEVELOPMENT_TEAM = 2Q7FR5CHKB;
				GENERATE_INFOPLIST_FILE = YES;
				INFOPLIST_FILE = TestForPryaniky/App/Info.plist;
				INFOPLIST_KEY_UIApplicationSupportsIndirectInputEvents = YES;
				INFOPLIST_KEY_UILaunchStoryboardName = LaunchScreen;
				INFOPLIST_KEY_UIMainStoryboardFile = Main;
				INFOPLIST_KEY_UISupportedInterfaceOrientations_iPad = "UIInterfaceOrientationPortrait UIInterfaceOrientationPortraitUpsideDown UIInterfaceOrientationLandscapeLeft UIInterfaceOrientationLandscapeRight";
				INFOPLIST_KEY_UISupportedInterfaceOrientations_iPhone = "UIInterfaceOrientationPortrait UIInterfaceOrientationLandscapeLeft UIInterfaceOrientationLandscapeRight";
				LD_RUNPATH_SEARCH_PATHS = (
					"$(inherited)",
					"@executable_path/Frameworks",
				);
				MARKETING_VERSION = 1.0;
				PRODUCT_BUNDLE_IDENTIFIER = reyganstorm.TestForPryaniky;
				PRODUCT_NAME = "$(TARGET_NAME)";
				SWIFT_EMIT_LOC_STRINGS = YES;
				SWIFT_VERSION = 5.0;
				TARGETED_DEVICE_FAMILY = "1,2";
			};
			name = Debug;
		};
		E857A3B6283FF91B00F08669 /* Release */ = {
			isa = XCBuildConfiguration;
			buildSettings = {
				ASSETCATALOG_COMPILER_APPICON_NAME = AppIcon;
				ASSETCATALOG_COMPILER_GLOBAL_ACCENT_COLOR_NAME = AccentColor;
				CODE_SIGN_STYLE = Automatic;
				CURRENT_PROJECT_VERSION = 1;
				DEVELOPMENT_TEAM = 2Q7FR5CHKB;
				GENERATE_INFOPLIST_FILE = YES;
				INFOPLIST_FILE = TestForPryaniky/App/Info.plist;
				INFOPLIST_KEY_UIApplicationSupportsIndirectInputEvents = YES;
				INFOPLIST_KEY_UILaunchStoryboardName = LaunchScreen;
				INFOPLIST_KEY_UIMainStoryboardFile = Main;
				INFOPLIST_KEY_UISupportedInterfaceOrientations_iPad = "UIInterfaceOrientationPortrait UIInterfaceOrientationPortraitUpsideDown UIInterfaceOrientationLandscapeLeft UIInterfaceOrientationLandscapeRight";
				INFOPLIST_KEY_UISupportedInterfaceOrientations_iPhone = "UIInterfaceOrientationPortrait UIInterfaceOrientationLandscapeLeft UIInterfaceOrientationLandscapeRight";
				LD_RUNPATH_SEARCH_PATHS = (
					"$(inherited)",
					"@executable_path/Frameworks",
				);
				MARKETING_VERSION = 1.0;
				PRODUCT_BUNDLE_IDENTIFIER = reyganstorm.TestForPryaniky;
				PRODUCT_NAME = "$(TARGET_NAME)";
				SWIFT_EMIT_LOC_STRINGS = YES;
				SWIFT_VERSION = 5.0;
				TARGETED_DEVICE_FAMILY = "1,2";
			};
			name = Release;
		};
/* End XCBuildConfiguration section */

/* Begin XCConfigurationList section */
		E857A39B283FF91800F08669 /* Build configuration list for PBXProject "TestForPryaniky" */ = {
			isa = XCConfigurationList;
			buildConfigurations = (
				E857A3B2283FF91B00F08669 /* Debug */,
				E857A3B3283FF91B00F08669 /* Release */,
			);
			defaultConfigurationIsVisible = 0;
			defaultConfigurationName = Release;
		};
		E857A3B4283FF91B00F08669 /* Build configuration list for PBXNativeTarget "TestForPryaniky" */ = {
			isa = XCConfigurationList;
			buildConfigurations = (
				E857A3B5283FF91B00F08669 /* Debug */,
				E857A3B6283FF91B00F08669 /* Release */,
			);
			defaultConfigurationIsVisible = 0;
			defaultConfigurationName = Release;
		};
/* End XCConfigurationList section */
	};
	rootObject = E857A398283FF91800F08669 /* Project object */;
}
